
Microsoft Visual Studio Solution File, Format Version 12.00
Project("{FAE04EC0-301F-11D3-BF4B-00C04F79EFBC}") = "GameHomework", "GameHomework\GameHomework.csproj", "{C0EC9391-BB97-4E1A-B10C-6F199D9FC998}"
EndProject
Global
	GlobalSection(SolutionConfigurationPlatforms) = preSolution
		Debug|Any CPU = Debug|Any CPU
		Release|Any CPU = Release|Any CPU
	EndGlobalSection
	GlobalSection(ProjectConfigurationPlatforms) = postSolution
		{C0EC9391-BB97-4E1A-B10C-6F199D9FC998}.Debug|Any CPU.ActiveCfg = Debug|Any CPU
		{C0EC9391-BB97-4E1A-B10C-6F199D9FC998}.Debug|Any CPU.Build.0 = Debug|Any CPU
		{C0EC9391-BB97-4E1A-B10C-6F199D9FC998}.Release|Any CPU.ActiveCfg = Release|Any CPU
		{C0EC9391-BB97-4E1A-B10C-6F199D9FC998}.Release|Any CPU.Build.0 = Release|Any CPU
	EndGlobalSection
EndGlobal
